// !$*UTF8*$!
{
	archiveVersion = 1;
	classes = {
	};
	objectVersion = 50;
	objects = {

/* Begin PBXBuildFile section */
		040032C82088985500D8CB5A /* AppDelegate.swift in Sources */ = {isa = PBXBuildFile; fileRef = 040032C72088985500D8CB5A /* AppDelegate.swift */; };
		040032CA2088985500D8CB5A /* ViewController.swift in Sources */ = {isa = PBXBuildFile; fileRef = 040032C92088985500D8CB5A /* ViewController.swift */; };
		040032CD2088985500D8CB5A /* Main.storyboard in Resources */ = {isa = PBXBuildFile; fileRef = 040032CB2088985500D8CB5A /* Main.storyboard */; };
		040032CF2088985900D8CB5A /* Assets.xcassets in Resources */ = {isa = PBXBuildFile; fileRef = 040032CE2088985900D8CB5A /* Assets.xcassets */; };
		040032D22088985900D8CB5A /* LaunchScreen.storyboard in Resources */ = {isa = PBXBuildFile; fileRef = 040032D02088985900D8CB5A /* LaunchScreen.storyboard */; };
		040032DD2088985A00D8CB5A /* mapkit_vb2Tests.swift in Sources */ = {isa = PBXBuildFile; fileRef = 040032DC2088985A00D8CB5A /* mapkit_vb2Tests.swift */; };
		040032E82088985A00D8CB5A /* mapkit_vb2UITests.swift in Sources */ = {isa = PBXBuildFile; fileRef = 040032E72088985A00D8CB5A /* mapkit_vb2UITests.swift */; };
/* End PBXBuildFile section */

/* Begin PBXContainerItemProxy section */
		040032D92088985A00D8CB5A /* PBXContainerItemProxy */ = {
			isa = PBXContainerItemProxy;
			containerPortal = 040032BC2088985500D8CB5A /* Project object */;
			proxyType = 1;
			remoteGlobalIDString = 040032C32088985500D8CB5A;
			remoteInfo = mapkit_vb2;
		};
		040032E42088985A00D8CB5A /* PBXContainerItemProxy */ = {
			isa = PBXContainerItemProxy;
			containerPortal = 040032BC2088985500D8CB5A /* Project object */;
			proxyType = 1;
			remoteGlobalIDString = 040032C32088985500D8CB5A;
			remoteInfo = mapkit_vb2;
		};
/* End PBXContainerItemProxy section */

/* Begin PBXFileReference section */
		040032C42088985500D8CB5A /* mapkit_vb2.app */ = {isa = PBXFileReference; explicitFileType = wrapper.application; includeInIndex = 0; path = mapkit_vb2.app; sourceTree = BUILT_PRODUCTS_DIR; };
		040032C72088985500D8CB5A /* AppDelegate.swift */ = {isa = PBXFileReference; lastKnownFileType = sourcecode.swift; path = AppDelegate.swift; sourceTree = "<group>"; };
		040032C92088985500D8CB5A /* ViewController.swift */ = {isa = PBXFileReference; lastKnownFileType = sourcecode.swift; path = ViewController.swift; sourceTree = "<group>"; };
		040032CC2088985500D8CB5A /* Base */ = {isa = PBXFileReference; lastKnownFileType = file.storyboard; name = Base; path = Base.lproj/Main.storyboard; sourceTree = "<group>"; };
		040032CE2088985900D8CB5A /* Assets.xcassets */ = {isa = PBXFileReference; lastKnownFileType = folder.assetcatalog; path = Assets.xcassets; sourceTree = "<group>"; };
		040032D12088985900D8CB5A /* Base */ = {isa = PBXFileReference; lastKnownFileType = file.storyboard; name = Base; path = Base.lproj/LaunchScreen.storyboard; sourceTree = "<group>"; };
		040032D32088985900D8CB5A /* Info.plist */ = {isa = PBXFileReference; lastKnownFileType = text.plist.xml; path = Info.plist; sourceTree = "<group>"; };
		040032D82088985A00D8CB5A /* mapkit_vb2Tests.xctest */ = {isa = PBXFileReference; explicitFileType = wrapper.cfbundle; includeInIndex = 0; path = mapkit_vb2Tests.xctest; sourceTree = BUILT_PRODUCTS_DIR; };
		040032DC2088985A00D8CB5A /* mapkit_vb2Tests.swift */ = {isa = PBXFileReference; lastKnownFileType = sourcecode.swift; path = mapkit_vb2Tests.swift; sourceTree = "<group>"; };
		040032DE2088985A00D8CB5A /* Info.plist */ = {isa = PBXFileReference; lastKnownFileType = text.plist.xml; path = Info.plist; sourceTree = "<group>"; };
		040032E32088985A00D8CB5A /* mapkit_vb2UITests.xctest */ = {isa = PBXFileReference; explicitFileType = wrapper.cfbundle; includeInIndex = 0; path = mapkit_vb2UITests.xctest; sourceTree = BUILT_PRODUCTS_DIR; };
		040032E72088985A00D8CB5A /* mapkit_vb2UITests.swift */ = {isa = PBXFileReference; lastKnownFileType = sourcecode.swift; path = mapkit_vb2UITests.swift; sourceTree = "<group>"; };
		040032E92088985A00D8CB5A /* Info.plist */ = {isa = PBXFileReference; lastKnownFileType = text.plist.xml; path = Info.plist; sourceTree = "<group>"; };
/* End PBXFileReference section */

/* Begin PBXFrameworksBuildPhase section */
		040032C12088985500D8CB5A /* Frameworks */ = {
			isa = PBXFrameworksBuildPhase;
			buildActionMask = 2147483647;
			files = (
			);
			runOnlyForDeploymentPostprocessing = 0;
		};
		040032D52088985A00D8CB5A /* Frameworks */ = {
			isa = PBXFrameworksBuildPhase;
			buildActionMask = 2147483647;
			files = (
			);
			runOnlyForDeploymentPostprocessing = 0;
		};
		040032E02088985A00D8CB5A /* Frameworks */ = {
			isa = PBXFrameworksBuildPhase;
			buildActionMask = 2147483647;
			files = (
			);
			runOnlyForDeploymentPostprocessing = 0;
		};
/* End PBXFrameworksBuildPhase section */

/* Begin PBXGroup section */
		040032BB2088985500D8CB5A = {
			isa = PBXGroup;
			children = (
				040032C62088985500D8CB5A /* mapkit_vb2 */,
				040032DB2088985A00D8CB5A /* mapkit_vb2Tests */,
				040032E62088985A00D8CB5A /* mapkit_vb2UITests */,
				040032C52088985500D8CB5A /* Products */,
			);
			sourceTree = "<group>";
		};
		040032C52088985500D8CB5A /* Products */ = {
			isa = PBXGroup;
			children = (
				040032C42088985500D8CB5A /* mapkit_vb2.app */,
				040032D82088985A00D8CB5A /* mapkit_vb2Tests.xctest */,
				040032E32088985A00D8CB5A /* mapkit_vb2UITests.xctest */,
			);
			name = Products;
			sourceTree = "<group>";
		};
		040032C62088985500D8CB5A /* mapkit_vb2 */ = {
			isa = PBXGroup;
			children = (
				040032C72088985500D8CB5A /* AppDelegate.swift */,
				040032C92088985500D8CB5A /* ViewController.swift */,
				040032CB2088985500D8CB5A /* Main.storyboard */,
				040032CE2088985900D8CB5A /* Assets.xcassets */,
				040032D02088985900D8CB5A /* LaunchScreen.storyboard */,
				040032D32088985900D8CB5A /* Info.plist */,
			);
			path = mapkit_vb2;
			sourceTree = "<group>";
		};
		040032DB2088985A00D8CB5A /* mapkit_vb2Tests */ = {
			isa = PBXGroup;
			children = (
				040032DC2088985A00D8CB5A /* mapkit_vb2Tests.swift */,
				040032DE2088985A00D8CB5A /* Info.plist */,
			);
			path = mapkit_vb2Tests;
			sourceTree = "<group>";
		};
		040032E62088985A00D8CB5A /* mapkit_vb2UITests */ = {
			isa = PBXGroup;
			children = (
				040032E72088985A00D8CB5A /* mapkit_vb2UITests.swift */,
				040032E92088985A00D8CB5A /* Info.plist */,
			);
			path = mapkit_vb2UITests;
			sourceTree = "<group>";
		};
/* End PBXGroup section */

/* Begin PBXNativeTarget section */
		040032C32088985500D8CB5A /* mapkit_vb2 */ = {
			isa = PBXNativeTarget;
			buildConfigurationList = 040032EC2088985A00D8CB5A /* Build configuration list for PBXNativeTarget "mapkit_vb2" */;
			buildPhases = (
				040032C02088985500D8CB5A /* Sources */,
				040032C12088985500D8CB5A /* Frameworks */,
				040032C22088985500D8CB5A /* Resources */,
			);
			buildRules = (
			);
			dependencies = (
			);
			name = mapkit_vb2;
			productName = mapkit_vb2;
			productReference = 040032C42088985500D8CB5A /* mapkit_vb2.app */;
			productType = "com.apple.product-type.application";
		};
		040032D72088985A00D8CB5A /* mapkit_vb2Tests */ = {
			isa = PBXNativeTarget;
			buildConfigurationList = 040032EF2088985A00D8CB5A /* Build configuration list for PBXNativeTarget "mapkit_vb2Tests" */;
			buildPhases = (
				040032D42088985A00D8CB5A /* Sources */,
				040032D52088985A00D8CB5A /* Frameworks */,
				040032D62088985A00D8CB5A /* Resources */,
			);
			buildRules = (
			);
			dependencies = (
				040032DA2088985A00D8CB5A /* PBXTargetDependency */,
			);
			name = mapkit_vb2Tests;
			productName = mapkit_vb2Tests;
			productReference = 040032D82088985A00D8CB5A /* mapkit_vb2Tests.xctest */;
			productType = "com.apple.product-type.bundle.unit-test";
		};
		040032E22088985A00D8CB5A /* mapkit_vb2UITests */ = {
			isa = PBXNativeTarget;
			buildConfigurationList = 040032F22088985A00D8CB5A /* Build configuration list for PBXNativeTarget "mapkit_vb2UITests" */;
			buildPhases = (
				040032DF2088985A00D8CB5A /* Sources */,
				040032E02088985A00D8CB5A /* Frameworks */,
				040032E12088985A00D8CB5A /* Resources */,
			);
			buildRules = (
			);
			dependencies = (
				040032E52088985A00D8CB5A /* PBXTargetDependency */,
			);
			name = mapkit_vb2UITests;
			productName = mapkit_vb2UITests;
			productReference = 040032E32088985A00D8CB5A /* mapkit_vb2UITests.xctest */;
			productType = "com.apple.product-type.bundle.ui-testing";
		};
/* End PBXNativeTarget section */

/* Begin PBXProject section */
		040032BC2088985500D8CB5A /* Project object */ = {
			isa = PBXProject;
			attributes = {
				LastSwiftUpdateCheck = 0930;
				LastUpgradeCheck = 0930;
				ORGANIZATIONNAME = "Johan van den Broek";
				TargetAttributes = {
					040032C32088985500D8CB5A = {
						CreatedOnToolsVersion = 9.3;
					};
					040032D72088985A00D8CB5A = {
						CreatedOnToolsVersion = 9.3;
						TestTargetID = 040032C32088985500D8CB5A;
					};
					040032E22088985A00D8CB5A = {
						CreatedOnToolsVersion = 9.3;
						TestTargetID = 040032C32088985500D8CB5A;
					};
				};
			};
			buildConfigurationList = 040032BF2088985500D8CB5A /* Build configuration list for PBXProject "mapkit_vb2" */;
			compatibilityVersion = "Xcode 9.3";
			developmentRegion = en;
			hasScannedForEncodings = 0;
			knownRegions = (
				en,
				Base,
			);
			mainGroup = 040032BB2088985500D8CB5A;
			productRefGroup = 040032C52088985500D8CB5A /* Products */;
			projectDirPath = "";
			projectRoot = "";
			targets = (
				040032C32088985500D8CB5A /* mapkit_vb2 */,
				040032D72088985A00D8CB5A /* mapkit_vb2Tests */,
				040032E22088985A00D8CB5A /* mapkit_vb2UITests */,
			);
		};
/* End PBXProject section */

/* Begin PBXResourcesBuildPhase section */
		040032C22088985500D8CB5A /* Resources */ = {
			isa = PBXResourcesBuildPhase;
			buildActionMask = 2147483647;
			files = (
				040032D22088985900D8CB5A /* LaunchScreen.storyboard in Resources */,
				040032CF2088985900D8CB5A /* Assets.xcassets in Resources */,
				040032CD2088985500D8CB5A /* Main.storyboard in Resources */,
			);
			runOnlyForDeploymentPostprocessing = 0;
		};
		040032D62088985A00D8CB5A /* Resources */ = {
			isa = PBXResourcesBuildPhase;
			buildActionMask = 2147483647;
			files = (
			);
			runOnlyForDeploymentPostprocessing = 0;
		};
		040032E12088985A00D8CB5A /* Resources */ = {
			isa = PBXResourcesBuildPhase;
			buildActionMask = 2147483647;
			files = (
			);
			runOnlyForDeploymentPostprocessing = 0;
		};
/* End PBXResourcesBuildPhase section */

/* Begin PBXSourcesBuildPhase section */
		040032C02088985500D8CB5A /* Sources */ = {
			isa = PBXSourcesBuildPhase;
			buildActionMask = 2147483647;
			files = (
				040032CA2088985500D8CB5A /* ViewController.swift in Sources */,
				040032C82088985500D8CB5A /* AppDelegate.swift in Sources */,
			);
			runOnlyForDeploymentPostprocessing = 0;
		};
		040032D42088985A00D8CB5A /* Sources */ = {
			isa = PBXSourcesBuildPhase;
			buildActionMask = 2147483647;
			files = (
				040032DD2088985A00D8CB5A /* mapkit_vb2Tests.swift in Sources */,
			);
			runOnlyForDeploymentPostprocessing = 0;
		};
		040032DF2088985A00D8CB5A /* Sources */ = {
			isa = PBXSourcesBuildPhase;
			buildActionMask = 2147483647;
			files = (
				040032E82088985A00D8CB5A /* mapkit_vb2UITests.swift in Sources */,
			);
			runOnlyForDeploymentPostprocessing = 0;
		};
/* End PBXSourcesBuildPhase section */

/* Begin PBXTargetDependency section */
		040032DA2088985A00D8CB5A /* PBXTargetDependency */ = {
			isa = PBXTargetDependency;
			target = 040032C32088985500D8CB5A /* mapkit_vb2 */;
			targetProxy = 040032D92088985A00D8CB5A /* PBXContainerItemProxy */;
		};
		040032E52088985A00D8CB5A /* PBXTargetDependency */ = {
			isa = PBXTargetDependency;
			target = 040032C32088985500D8CB5A /* mapkit_vb2 */;
			targetProxy = 040032E42088985A00D8CB5A /* PBXContainerItemProxy */;
		};
/* End PBXTargetDependency section */

/* Begin PBXVariantGroup section */
		040032CB2088985500D8CB5A /* Main.storyboard */ = {
			isa = PBXVariantGroup;
			children = (
				040032CC2088985500D8CB5A /* Base */,
			);
			name = Main.storyboard;
			sourceTree = "<group>";
		};
		040032D02088985900D8CB5A /* LaunchScreen.storyboard */ = {
			isa = PBXVariantGroup;
			children = (
				040032D12088985900D8CB5A /* Base */,
			);
			name = LaunchScreen.storyboard;
			sourceTree = "<group>";
		};
/* End PBXVariantGroup section */

/* Begin XCBuildConfiguration section */
		040032EA2088985A00D8CB5A /* Debug */ = {
			isa = XCBuildConfiguration;
			buildSettings = {
				ALWAYS_SEARCH_USER_PATHS = NO;
				CLANG_ANALYZER_NONNULL = YES;
				CLANG_ANALYZER_NUMBER_OBJECT_CONVERSION = YES_AGGRESSIVE;
				CLANG_CXX_LANGUAGE_STANDARD = "gnu++14";
				CLANG_CXX_LIBRARY = "libc++";
				CLANG_ENABLE_MODULES = YES;
				CLANG_ENABLE_OBJC_ARC = YES;
				CLANG_ENABLE_OBJC_WEAK = YES;
				CLANG_WARN_BLOCK_CAPTURE_AUTORELEASING = YES;
				CLANG_WARN_BOOL_CONVERSION = YES;
				CLANG_WARN_COMMA = YES;
				CLANG_WARN_CONSTANT_CONVERSION = YES;
				CLANG_WARN_DEPRECATED_OBJC_IMPLEMENTATIONS = YES;
				CLANG_WARN_DIRECT_OBJC_ISA_USAGE = YES_ERROR;
				CLANG_WARN_DOCUMENTATION_COMMENTS = YES;
				CLANG_WARN_EMPTY_BODY = YES;
				CLANG_WARN_ENUM_CONVERSION = YES;
				CLANG_WARN_INFINITE_RECURSION = YES;
				CLANG_WARN_INT_CONVERSION = YES;
				CLANG_WARN_NON_LITERAL_NULL_CONVERSION = YES;
				CLANG_WARN_OBJC_IMPLICIT_RETAIN_SELF = YES;
				CLANG_WARN_OBJC_LITERAL_CONVERSION = YES;
				CLANG_WARN_OBJC_ROOT_CLASS = YES_ERROR;
				CLANG_WARN_RANGE_LOOP_ANALYSIS = YES;
				CLANG_WARN_STRICT_PROTOTYPES = YES;
				CLANG_WARN_SUSPICIOUS_MOVE = YES;
				CLANG_WARN_UNGUARDED_AVAILABILITY = YES_AGGRESSIVE;
				CLANG_WARN_UNREACHABLE_CODE = YES;
				CLANG_WARN__DUPLICATE_METHOD_MATCH = YES;
				CODE_SIGN_IDENTITY = "iPhone Developer";
				COPY_PHASE_STRIP = NO;
				DEBUG_INFORMATION_FORMAT = dwarf;
				ENABLE_STRICT_OBJC_MSGSEND = YES;
				ENABLE_TESTABILITY = YES;
				GCC_C_LANGUAGE_STANDARD = gnu11;
				GCC_DYNAMIC_NO_PIC = NO;
				GCC_NO_COMMON_BLOCKS = YES;
				GCC_OPTIMIZATION_LEVEL = 0;
				GCC_PREPROCESSOR_DEFINITIONS = (
					"DEBUG=1",
					"$(inherited)",
				);
				GCC_WARN_64_TO_32_BIT_CONVERSION = YES;
				GCC_WARN_ABOUT_RETURN_TYPE = YES_ERROR;
				GCC_WARN_UNDECLARED_SELECTOR = YES;
				GCC_WARN_UNINITIALIZED_AUTOS = YES_AGGRESSIVE;
				GCC_WARN_UNUSED_FUNCTION = YES;
				GCC_WARN_UNUSED_VARIABLE = YES;
				IPHONEOS_DEPLOYMENT_TARGET = 11.3;
				MTL_ENABLE_DEBUG_INFO = YES;
				ONLY_ACTIVE_ARCH = YES;
				SDKROOT = iphoneos;
				SWIFT_ACTIVE_COMPILATION_CONDITIONS = DEBUG;
				SWIFT_OPTIMIZATION_LEVEL = "-Onone";
			};
			name = Debug;
		};
		040032EB2088985A00D8CB5A /* Release */ = {
			isa = XCBuildConfiguration;
			buildSettings = {
				ALWAYS_SEARCH_USER_PATHS = NO;
				CLANG_ANALYZER_NONNULL = YES;
				CLANG_ANALYZER_NUMBER_OBJECT_CONVERSION = YES_AGGRESSIVE;
				CLANG_CXX_LANGUAGE_STANDARD = "gnu++14";
				CLANG_CXX_LIBRARY = "libc++";
				CLANG_ENABLE_MODULES = YES;
				CLANG_ENABLE_OBJC_ARC = YES;
				CLANG_ENABLE_OBJC_WEAK = YES;
				CLANG_WARN_BLOCK_CAPTURE_AUTORELEASING = YES;
				CLANG_WARN_BOOL_CONVERSION = YES;
				CLANG_WARN_COMMA = YES;
				CLANG_WARN_CONSTANT_CONVERSION = YES;
				CLANG_WARN_DEPRECATED_OBJC_IMPLEMENTATIONS = YES;
				CLANG_WARN_DIRECT_OBJC_ISA_USAGE = YES_ERROR;
				CLANG_WARN_DOCUMENTATION_COMMENTS = YES;
				CLANG_WARN_EMPTY_BODY = YES;
				CLANG_WARN_ENUM_CONVERSION = YES;
				CLANG_WARN_INFINITE_RECURSION = YES;
				CLANG_WARN_INT_CONVERSION = YES;
				CLANG_WARN_NON_LITERAL_NULL_CONVERSION = YES;
				CLANG_WARN_OBJC_IMPLICIT_RETAIN_SELF = YES;
				CLANG_WARN_OBJC_LITERAL_CONVERSION = YES;
				CLANG_WARN_OBJC_ROOT_CLASS = YES_ERROR;
				CLANG_WARN_RANGE_LOOP_ANALYSIS = YES;
				CLANG_WARN_STRICT_PROTOTYPES = YES;
				CLANG_WARN_SUSPICIOUS_MOVE = YES;
				CLANG_WARN_UNGUARDED_AVAILABILITY = YES_AGGRESSIVE;
				CLANG_WARN_UNREACHABLE_CODE = YES;
				CLANG_WARN__DUPLICATE_METHOD_MATCH = YES;
				CODE_SIGN_IDENTITY = "iPhone Developer";
				COPY_PHASE_STRIP = NO;
				DEBUG_INFORMATION_FORMAT = "dwarf-with-dsym";
				ENABLE_NS_ASSERTIONS = NO;
				ENABLE_STRICT_OBJC_MSGSEND = YES;
				GCC_C_LANGUAGE_STANDARD = gnu11;
				GCC_NO_COMMON_BLOCKS = YES;
				GCC_WARN_64_TO_32_BIT_CONVERSION = YES;
				GCC_WARN_ABOUT_RETURN_TYPE = YES_ERROR;
				GCC_WARN_UNDECLARED_SELECTOR = YES;
				GCC_WARN_UNINITIALIZED_AUTOS = YES_AGGRESSIVE;
				GCC_WARN_UNUSED_FUNCTION = YES;
				GCC_WARN_UNUSED_VARIABLE = YES;
				IPHONEOS_DEPLOYMENT_TARGET = 11.3;
				MTL_ENABLE_DEBUG_INFO = NO;
				SDKROOT = iphoneos;
				SWIFT_COMPILATION_MODE = wholemodule;
				SWIFT_OPTIMIZATION_LEVEL = "-O";
				VALIDATE_PRODUCT = YES;
			};
			name = Release;
		};
		040032ED2088985A00D8CB5A /* Debug */ = {
			isa = XCBuildConfiguration;
			buildSettings = {
				ASSETCATALOG_COMPILER_APPICON_NAME = AppIcon;
				CODE_SIGN_STYLE = Automatic;
				INFOPLIST_FILE = mapkit_vb2/Info.plist;
				LD_RUNPATH_SEARCH_PATHS = (
					"$(inherited)",
					"@executable_path/Frameworks",
				);
				PRODUCT_BUNDLE_IDENTIFIER = "ehb.mapkit-vb2";
				PRODUCT_NAME = "$(TARGET_NAME)";
				SWIFT_VERSION = 4.0;
				TARGETED_DEVICE_FAMILY = "1,2";
			};
			name = Debug;
		};
		040032EE2088985A00D8CB5A /* Release */ = {
			isa = XCBuildConfiguration;
			buildSettings = {
				ASSETCATALOG_COMPILER_APPICON_NAME = AppIcon;
				CODE_SIGN_STYLE = Automatic;
				INFOPLIST_FILE = mapkit_vb2/Info.plist;
				LD_RUNPATH_SEARCH_PATHS = (
					"$(inherited)",
					"@executable_path/Frameworks",
				);
				PRODUCT_BUNDLE_IDENTIFIER = "ehb.mapkit-vb2";
				PRODUCT_NAME = "$(TARGET_NAME)";
				SWIFT_VERSION = 4.0;
				TARGETED_DEVICE_FAMILY = "1,2";
			};
			name = Release;
		};
		040032F02088985A00D8CB5A /* Debug */ = {
			isa = XCBuildConfiguration;
			buildSettings = {
				ALWAYS_EMBED_SWIFT_STANDARD_LIBRARIES = YES;
				BUNDLE_LOADER = "$(TEST_HOST)";
				CODE_SIGN_STYLE = Automatic;
				INFOPLIST_FILE = mapkit_vb2Tests/Info.plist;
				LD_RUNPATH_SEARCH_PATHS = (
					"$(inherited)",
					"@executable_path/Frameworks",
					"@loader_path/Frameworks",
				);
				PRODUCT_BUNDLE_IDENTIFIER = "ehb.mapkit-vb2Tests";
				PRODUCT_NAME = "$(TARGET_NAME)";
				SWIFT_VERSION = 4.0;
				TARGETED_DEVICE_FAMILY = "1,2";
				TEST_HOST = "$(BUILT_PRODUCTS_DIR)/mapkit_vb2.app/mapkit_vb2";
			};
			name = Debug;
		};
		040032F12088985A00D8CB5A /* Release */ = {
			isa = XCBuildConfiguration;
			buildSettings = {
				ALWAYS_EMBED_SWIFT_STANDARD_LIBRARIES = YES;
				BUNDLE_LOADER = "$(TEST_HOST)";
				CODE_SIGN_STYLE = Automatic;
				INFOPLIST_FILE = mapkit_vb2Tests/Info.plist;
				LD_RUNPATH_SEARCH_PATHS = (
					"$(inherited)",
					"@executable_path/Frameworks",
					"@loader_path/Frameworks",
				);
				PRODUCT_BUNDLE_IDENTIFIER = "ehb.mapkit-vb2Tests";
				PRODUCT_NAME = "$(TARGET_NAME)";
				SWIFT_VERSION = 4.0;
				TARGETED_DEVICE_FAMILY = "1,2";
				TEST_HOST = "$(BUILT_PRODUCTS_DIR)/mapkit_vb2.app/mapkit_vb2";
			};
			name = Release;
		};
		040032F32088985A00D8CB5A /* Debug */ = {
			isa = XCBuildConfiguration;
			buildSettings = {
				ALWAYS_EMBED_SWIFT_STANDARD_LIBRARIES = YES;
				CODE_SIGN_STYLE = Automatic;
				INFOPLIST_FILE = mapkit_vb2UITests/Info.plist;
				LD_RUNPATH_SEARCH_PATHS = (
					"$(inherited)",
					"@executable_path/Frameworks",
					"@loader_path/Frameworks",
				);
				PRODUCT_BUNDLE_IDENTIFIER = "ehb.mapkit-vb2UITests";
				PRODUCT_NAME = "$(TARGET_NAME)";
				SWIFT_VERSION = 4.0;
				TARGETED_DEVICE_FAMILY = "1,2";
				TEST_TARGET_NAME = mapkit_vb2;
			};
			name = Debug;
		};
		040032F42088985A00D8CB5A /* Release */ = {
			isa = XCBuildConfiguration;
			buildSettings = {
				ALWAYS_EMBED_SWIFT_STANDARD_LIBRARIES = YES;
				CODE_SIGN_STYLE = Automatic;
				INFOPLIST_FILE = mapkit_vb2UITests/Info.plist;
				LD_RUNPATH_SEARCH_PATHS = (
					"$(inherited)",
					"@executable_path/Frameworks",
					"@loader_path/Frameworks",
				);
				PRODUCT_BUNDLE_IDENTIFIER = "ehb.mapkit-vb2UITests";
				PRODUCT_NAME = "$(TARGET_NAME)";
				SWIFT_VERSION = 4.0;
				TARGETED_DEVICE_FAMILY = "1,2";
				TEST_TARGET_NAME = mapkit_vb2;
			};
			name = Release;
		};
/* End XCBuildConfiguration section */

/* Begin XCConfigurationList section */
		040032BF2088985500D8CB5A /* Build configuration list for PBXProject "mapkit_vb2" */ = {
			isa = XCConfigurationList;
			buildConfigurations = (
				040032EA2088985A00D8CB5A /* Debug */,
				040032EB2088985A00D8CB5A /* Release */,
			);
			defaultConfigurationIsVisible = 0;
			defaultConfigurationName = Release;
		};
		040032EC2088985A00D8CB5A /* Build configuration list for PBXNativeTarget "mapkit_vb2" */ = {
			isa = XCConfigurationList;
			buildConfigurations = (
				040032ED2088985A00D8CB5A /* Debug */,
				040032EE2088985A00D8CB5A /* Release */,
			);
			defaultConfigurationIsVisible = 0;
			defaultConfigurationName = Release;
		};
		040032EF2088985A00D8CB5A /* Build configuration list for PBXNativeTarget "mapkit_vb2Tests" */ = {
			isa = XCConfigurationList;
			buildConfigurations = (
				040032F02088985A00D8CB5A /* Debug */,
				040032F12088985A00D8CB5A /* Release */,
			);
			defaultConfigurationIsVisible = 0;
			defaultConfigurationName = Release;
		};
		040032F22088985A00D8CB5A /* Build configuration list for PBXNativeTarget "mapkit_vb2UITests" */ = {
			isa = XCConfigurationList;
			buildConfigurations = (
				040032F32088985A00D8CB5A /* Debug */,
				040032F42088985A00D8CB5A /* Release */,
			);
			defaultConfigurationIsVisible = 0;
			defaultConfigurationName = Release;
		};
/* End XCConfigurationList section */
	};
	rootObject = 040032BC2088985500D8CB5A /* Project object */;
}
